{
  "object": {
    "pins": [
      {
        "package": "Segment",
        "repositoryURL": "https://github.com/segmentio/analytics-swift.git",
        "state": {
          "branch": null,
          "revision": "f6f3a7fafcace7bcdbda329f9b309f31bf9a42a1",
          "version": "1.5.11"
        }
      },
      {
        "package": "JSONSafeEncoding",
        "repositoryURL": "https://github.com/segmentio/jsonsafeencoding-swift.git",
        "state": {
          "branch": null,
          "revision": "af6a8b360984085e36c6341b21ecb35c12f47ebd",
          "version": "2.0.0"
        }
      },
      {
        "package": "Sovran",
        "repositoryURL": "https://github.com/segmentio/Sovran-Swift.git",
        "state": {
          "branch": null,
          "revision": "24867f3e4ac62027db9827112135e6531b6f4051",
          "version": "1.1.2"
        }
      },
      {
        "package": "Survicate",
        "repositoryURL": "https://github.com/Survicate/survicate-ios-sdk",
        "state": {
          "branch": null,
          "revision": "bd013377f640cfc76907205317c09c49ab2e5833",
          "version": "5.0.0"
        }
      }
    ]
  },
  "version": 1
}
